<?xml version="1.0" encoding="UTF-8" standalone="yes" ?>
<CodeBlocks_project_file>
	<FileVersion major="1" minor="6" />
	<Project>
		<Option title="test_ipc" />
		<Option pch_mode="2" />
		<Option compiler="gcc" />
		<Build>
			<Target title="Debug">
				<Option output="bin/Debug/test_ipc" prefix_auto="1" extension_auto="1" />
				<Option object_output="obj/Debug/" />
				<Option type="1" />
				<Option compiler="gcc" />
				<Compiler>
					<Add option="-g" />
					<Add directory="../../../../_portable/codeblocks-17.12mingw/MinGW/include" />
					<Add directory="../test_ipc" />
					<Add directory="openamp/lib/include" />
					<Add directory="metal" />
				</Compiler>
				<Linker>
					<Add library="../../../../_portable/codeblocks-17.12mingw/MinGW/lib/libpthread.a" />
					<Add library="../../../../_portable/codeblocks-17.12mingw/MinGW/lib/libkernel32.a" />
					<Add directory="../../../../_portable/codeblocks-17.12mingw/MinGW/lib" />
				</Linker>
			</Target>
			<Target title="Release">
				<Option output="bin/Release/test_ipc" prefix_auto="1" extension_auto="1" />
				<Option object_output="obj/Release/" />
				<Option type="1" />
				<Option compiler="gcc" />
				<Compiler>
					<Add option="-O2" />
				</Compiler>
				<Linker>
					<Add option="-s" />
				</Linker>
			</Target>
		</Build>
		<Compiler>
			<Add option="-Wall" />
		</Compiler>
		<Unit filename="core_info.c">
			<Option compilerVar="CC" />
		</Unit>
		<Unit filename="core_info.h" />
		<Unit filename="core_master.c">
			<Option compilerVar="CC" />
		</Unit>
		<Unit filename="core_master.h" />
		<Unit filename="core_remote.c">
			<Option compilerVar="CC" />
		</Unit>
		<Unit filename="core_remote.h" />
		<Unit filename="main.c">
			<Option compilerVar="CC" />
		</Unit>
		<Unit filename="metal/init.c">
			<Option compilerVar="CC" />
		</Unit>
		<Unit filename="metal/io.c">
			<Option compilerVar="CC" />
		</Unit>
		<Unit filename="metal/io.h" />
		<Unit filename="metal/log.c">
			<Option compilerVar="CC" />
		</Unit>
		<Unit filename="metal/log.h" />
		<Unit filename="openamp/lib/common/hil.c">
			<Option compilerVar="CC" />
		</Unit>
		<Unit filename="openamp/lib/common/sh_mem.c">
			<Option compilerVar="CC" />
		</Unit>
		<Unit filename="openamp/lib/rpmsg/remote_device.c">
			<Option compilerVar="CC" />
		</Unit>
		<Unit filename="openamp/lib/rpmsg/rpmsg.c">
			<Option compilerVar="CC" />
		</Unit>
		<Unit filename="openamp/lib/rpmsg/rpmsg_core.c">
			<Option compilerVar="CC" />
		</Unit>
		<Unit filename="openamp/lib/virtio/virtio.c">
			<Option compilerVar="CC" />
		</Unit>
		<Unit filename="openamp/lib/virtio/virtqueue.c">
			<Option compilerVar="CC" />
		</Unit>
		<Extensions>
			<code_completion />
			<envvars />
			<debugger />
			<lib_finder disable_auto="1" />
		</Extensions>
	</Project>
</CodeBlocks_project_file>
