<?xml version="1.0" encoding="UTF-8" standalone="yes" ?>
<CodeBlocks_project_file>
	<FileVersion major="1" minor="6" />
	<Project>
		<Option title="test_ipc" />
		<Option pch_mode="2" />
		<Option compiler="gcc" />
		<Build>
			<Target title="Debug">
				<Option output="bin/Debug/test_ipc" prefix_auto="1" extension_auto="1" />
				<Option object_output="obj/Debug/" />
				<Option type="1" />
				<Option compiler="gcc" />
				<Compiler>
					<Add option="-g" />
					<Add directory="../../../../_portable/codeblocks-17.12mingw/MinGW/include" />
					<Add directory="../test_ipc" />
					<Add directory="open-amp" />
					<Add directory="open-amp/porting/env/freertos" />
					<Add directory="open-amp/common" />
					<Add directory="open-amp/porting" />
					<Add directory="open-amp/rpmsg" />
					<Add directory="open-amp/virtio" />
					<Add directory="open-amp/porting/platform" />
				</Compiler>
				<Linker>
					<Add library="../../../../_portable/codeblocks-17.12mingw/MinGW/lib/libpthread.a" />
					<Add library="../../../../_portable/codeblocks-17.12mingw/MinGW/lib/libkernel32.a" />
					<Add directory="../../../../_portable/codeblocks-17.12mingw/MinGW/lib" />
				</Linker>
			</Target>
			<Target title="Release">
				<Option output="bin/Release/test_ipc" prefix_auto="1" extension_auto="1" />
				<Option object_output="obj/Release/" />
				<Option type="1" />
				<Option compiler="gcc" />
				<Compiler>
					<Add option="-O2" />
				</Compiler>
				<Linker>
					<Add option="-s" />
				</Linker>
			</Target>
		</Build>
		<Compiler>
			<Add option="-Wall" />
		</Compiler>
		<Unit filename="core_info.c">
			<Option compilerVar="CC" />
		</Unit>
		<Unit filename="core_info.h" />
		<Unit filename="main.c">
			<Option compilerVar="CC" />
		</Unit>
		<Unit filename="open-amp/common/hil/hil.c">
			<Option compilerVar="CC" />
		</Unit>
		<Unit filename="open-amp/common/hil/hil.h" />
		<Unit filename="open-amp/common/llist/llist.c">
			<Option compilerVar="CC" />
		</Unit>
		<Unit filename="open-amp/common/llist/llist.h" />
		<Unit filename="open-amp/common/shm/sh_mem.c">
			<Option compilerVar="CC" />
		</Unit>
		<Unit filename="open-amp/common/shm/sh_mem.h" />
		<Unit filename="open-amp/porting/config/config.c">
			<Option compilerVar="CC" />
		</Unit>
		<Unit filename="open-amp/porting/config/config.h" />
		<Unit filename="open-amp/porting/env/env.h" />
		<Unit filename="open-amp/porting/env/freertos/freertos_warp.c">
			<Option compilerVar="CC" />
		</Unit>
		<Unit filename="open-amp/porting/env/freertos/freertos_warp.h" />
		<Unit filename="open-amp/porting/env/freertos/rpmsg_porting.c">
			<Option compilerVar="CC" />
		</Unit>
		<Unit filename="open-amp/porting/env/freertos/rpmsg_porting.h" />
		<Unit filename="open-amp/porting/platform/platform.c">
			<Option compilerVar="CC" />
		</Unit>
		<Unit filename="open-amp/porting/platform/platform.h" />
		<Unit filename="open-amp/porting/platform/platform_info.c">
			<Option compilerVar="CC" />
		</Unit>
		<Unit filename="open-amp/porting/platform/rpmsg_platform_porting.h" />
		<Unit filename="open-amp/rpmsg/remote_device.c">
			<Option compilerVar="CC" />
		</Unit>
		<Unit filename="open-amp/rpmsg/rpmsg.c">
			<Option compilerVar="CC" />
		</Unit>
		<Unit filename="open-amp/rpmsg/rpmsg.h" />
		<Unit filename="open-amp/rpmsg/rpmsg_core.c">
			<Option compilerVar="CC" />
		</Unit>
		<Unit filename="open-amp/rpmsg/rpmsg_core.h" />
		<Unit filename="open-amp/rpmsg/rpmsg_ext.c">
			<Option compilerVar="CC" />
		</Unit>
		<Unit filename="open-amp/rpmsg/rpmsg_ext.h" />
		<Unit filename="open-amp/rpmsg/rpmsg_rtos.c">
			<Option compilerVar="CC" />
		</Unit>
		<Unit filename="open-amp/rpmsg/rpmsg_rtos.h" />
		<Unit filename="open-amp/virtio/virtio.c">
			<Option compilerVar="CC" />
		</Unit>
		<Unit filename="open-amp/virtio/virtio.h" />
		<Unit filename="open-amp/virtio/virtio_ring.h" />
		<Unit filename="open-amp/virtio/virtqueue.c">
			<Option compilerVar="CC" />
		</Unit>
		<Unit filename="open-amp/virtio/virtqueue.h" />
		<Extensions>
			<code_completion />
			<envvars />
			<debugger />
			<lib_finder disable_auto="1" />
		</Extensions>
	</Project>
</CodeBlocks_project_file>
